
Microsoft Visual Studio Solution File, Format Version 12.00
# Visual Studio Version 17
VisualStudioVersion = 17.9.34701.34
MinimumVisualStudioVersion = 10.0.40219.1
Project("{FAE04EC0-301F-11D3-BF4B-00C04F79EFBC}") = "4homework", "4homework.csproj", "{9E779FDA-C12B-47D9-BF5E-B833079201A9}"
EndProject
Global
	GlobalSection(SolutionConfigurationPlatforms) = preSolution
		Debug|Any CPU = Debug|Any CPU
		Release|Any CPU = Release|Any CPU
	EndGlobalSection
	GlobalSection(ProjectConfigurationPlatforms) = postSolution
		{9E779FDA-C12B-47D9-BF5E-B833079201A9}.Debug|Any CPU.ActiveCfg = Debug|Any CPU
		{9E779FDA-C12B-47D9-BF5E-B833079201A9}.Debug|Any CPU.Build.0 = Debug|Any CPU
		{9E779FDA-C12B-47D9-BF5E-B833079201A9}.Release|Any CPU.ActiveCfg = Release|Any CPU
		{9E779FDA-C12B-47D9-BF5E-B833079201A9}.Release|Any CPU.Build.0 = Release|Any CPU
	EndGlobalSection
	GlobalSection(SolutionProperties) = preSolution
		HideSolutionNode = FALSE
	EndGlobalSection
	GlobalSection(ExtensibilityGlobals) = postSolution
		SolutionGuid = {8EEA5A52-49DD-4A49-B0E1-879FA4DEA0AD}
	EndGlobalSection
EndGlobal
